<Solution>
  <Folder Name="/src/">
    <Project Path="src/CallingBell.Api/CallingBell.Api.csproj" />
    <Project Path="src/CallingBell.Application/CallingBell.Application.csproj" />
    <Project Path="src/CallingBell.Domain/CallingBell.Domain.csproj" />
    <Project Path="src/CallingBell.Infrastructure/CallingBell.Infrastructure.csproj" />
  </Folder>
  <Folder Name="/tests/">
    <Project Path="tests/CallingBell.Seo.Tests/CallingBell.Seo.Tests.csproj" />
  </Folder>
</Solution>
